
Microsoft Visual Studio Solution File, Format Version 12.00
# Visual Studio Version 17
VisualStudioVersion = 17.6.33723.286
MinimumVisualStudioVersion = 10.0.40219.1
Project("{FAE04EC0-301F-11D3-BF4B-00C04F79EFBC}") = "ConsumeNow", "ConsumeNow.csproj", "{AF040A67-ACEE-4042-8786-E84BA83530F3}"
EndProject
Global
	GlobalSection(SolutionConfigurationPlatforms) = preSolution
		Debug|Any CPU = Debug|Any CPU
		Release|Any CPU = Release|Any CPU
	EndGlobalSection
	GlobalSection(ProjectConfigurationPlatforms) = postSolution
		{AF040A67-ACEE-4042-8786-E84BA83530F3}.Debug|Any CPU.ActiveCfg = Debug|Any CPU
		{AF040A67-ACEE-4042-8786-E84BA83530F3}.Debug|Any CPU.Build.0 = Debug|Any CPU
		{AF040A67-ACEE-4042-8786-E84BA83530F3}.Release|Any CPU.ActiveCfg = Release|Any CPU
		{AF040A67-ACEE-4042-8786-E84BA83530F3}.Release|Any CPU.Build.0 = Release|Any CPU
	EndGlobalSection
	GlobalSection(SolutionProperties) = preSolution
		HideSolutionNode = FALSE
	EndGlobalSection
	GlobalSection(ExtensibilityGlobals) = postSolution
		SolutionGuid = {E2D25EFE-C1DD-417B-9053-11F8EEEEFA6C}
	EndGlobalSection
EndGlobal
